<?xml version="1.0" encoding="utf-8"?>
<Project ToolsVersion="4.0" xmlns="http://schemas.microsoft.com/developer/msbuild/2003">
  <ItemGroup>
    <Filter Include="Файлы исходного кода">
      <UniqueIdentifier>{4FC737F1-C7A5-4376-A066-2A32D752A2FF}</UniqueIdentifier>
      <Extensions>cpp;c;cc;cxx;def;odl;idl;hpj;bat;asm;asmx</Extensions>
    </Filter>
    <Filter Include="Заголовочные файлы">
      <UniqueIdentifier>{93995380-89BD-4b04-88EB-625FBE52EBFB}</UniqueIdentifier>
      <Extensions>h;hpp;hxx;hm;inl;inc;xsd</Extensions>
    </Filter>
    <Filter Include="Файлы ресурсов">
      <UniqueIdentifier>{67DA6AB6-F800-4c08-8B7A-83BB121AAD01}</UniqueIdentifier>
      <Extensions>rc;ico;cur;bmp;dlg;rc2;rct;bin;rgs;gif;jpg;jpeg;jpe;resx;tiff;tif;png;wav;mfcribbon-ms</Extensions>
    </Filter>
    <Filter Include="AutoGenFiles">
      <UniqueIdentifier>{6ab2c8e7-e552-4152-94d6-b2e186534ca3}</UniqueIdentifier>
    </Filter>
    <Filter Include="Grammar">
      <UniqueIdentifier>{f4f4bcfd-6fce-40bc-8481-1cd4906f429f}</UniqueIdentifier>
    </Filter>
    <Filter Include="PPVisitor">
      <UniqueIdentifier>{a8edbbe0-1183-43ee-8f0c-108d2ee228a8}</UniqueIdentifier>
    </Filter>
    <Filter Include="TreeStructure">
      <UniqueIdentifier>{baa731c1-e29c-4c71-b255-3d2a18633184}</UniqueIdentifier>
    </Filter>
    <Filter Include="SymbolsTable">
      <UniqueIdentifier>{91db2814-ba2b-4a25-a03c-bde2a7e484a7}</UniqueIdentifier>
    </Filter>
  </ItemGroup>
  <ItemGroup>
    <ClCompile Include="Source\main.cpp">
      <Filter>Файлы исходного кода</Filter>
    </ClCompile>
    <ClCompile Include="Source\bison.tab.cpp">
      <Filter>AutoGenFiles</Filter>
    </ClCompile>
    <ClCompile Include="Source\flex.flex.cpp">
      <Filter>AutoGenFiles</Filter>
    </ClCompile>
    <ClCompile Include="prettyPrintVisitor.cpp">
      <Filter>PPVisitor</Filter>
    </ClCompile>
    <ClCompile Include="SymVisitor.cpp">
      <Filter>SymbolsTable</Filter>
    </ClCompile>
  </ItemGroup>
  <ItemGroup>
    <ClInclude Include="iVisitor.h">
      <Filter>Заголовочные файлы</Filter>
    </ClInclude>
    <ClInclude Include="syntaxTree.h">
      <Filter>TreeStructure</Filter>
    </ClInclude>
    <ClInclude Include="grammar.h">
      <Filter>TreeStructure</Filter>
    </ClInclude>
    <ClInclude Include="Source\bison.tab.h">
      <Filter>AutoGenFiles</Filter>
    </ClInclude>
    <ClInclude Include="prettyPrintVisitor.h">
      <Filter>PPVisitor</Filter>
    </ClInclude>
    <ClInclude Include="MethodInfo.h">
      <Filter>SymbolsTable</Filter>
    </ClInclude>
    <ClInclude Include="ClassInfo.h">
      <Filter>SymbolsTable</Filter>
    </ClInclude>
    <ClInclude Include="VariableInfo.h">
      <Filter>SymbolsTable</Filter>
    </ClInclude>
    <ClInclude Include="SymbolTable.h">
      <Filter>SymbolsTable</Filter>
    </ClInclude>
    <ClInclude Include="SymVisitor.h">
      <Filter>SymbolsTable</Filter>
    </ClInclude>
  </ItemGroup>
  <ItemGroup>
    <Bison Include="Source\bison.y">
      <Filter>Grammar</Filter>
    </Bison>
  </ItemGroup>
  <ItemGroup>
    <Flex Include="Source\flex.l">
      <Filter>Grammar</Filter>
    </Flex>
  </ItemGroup>
</Project>